
Microsoft Visual Studio Solution File, Format Version 12.00
# Visual Studio 15
VisualStudioVersion = 15.0.28010.2046
MinimumVisualStudioVersion = 10.0.40219.1
Project("{FAE04EC0-301F-11D3-BF4B-00C04F79EFBC}") = "CookingRecipe.Android", "CookingRecipe\CookingRecipe.Android\CookingRecipe.Android.csproj", "{EFDE870B-762C-47DC-BB79-1E7CF02E0153}"
EndProject
Project("{FAE04EC0-301F-11D3-BF4B-00C04F79EFBC}") = "CookingRecipe.iOS", "CookingRecipe\CookingRecipe.iOS\CookingRecipe.iOS.csproj", "{9E8432F0-53FB-4D6B-93DC-A101B4E93AFE}"
EndProject
Project("{FAE04EC0-301F-11D3-BF4B-00C04F79EFBC}") = "CookingRecipe", "CookingRecipe\CookingRecipe\CookingRecipe.csproj", "{4D4D8BE8-ED0C-4AE5-8CA3-7F22B8752666}"
EndProject
Global
	GlobalSection(SolutionConfigurationPlatforms) = preSolution
		Ad-Hoc|Any CPU = Ad-Hoc|Any CPU
		Ad-Hoc|iPhone = Ad-Hoc|iPhone
		Ad-Hoc|iPhoneSimulator = Ad-Hoc|iPhoneSimulator
		AppStore|Any CPU = AppStore|Any CPU
		AppStore|iPhone = AppStore|iPhone
		AppStore|iPhoneSimulator = AppStore|iPhoneSimulator
		Debug|Any CPU = Debug|Any CPU
		Debug|iPhone = Debug|iPhone
		Debug|iPhoneSimulator = Debug|iPhoneSimulator
		Release|Any CPU = Release|Any CPU
		Release|iPhone = Release|iPhone
		Release|iPhoneSimulator = Release|iPhoneSimulator
	EndGlobalSection
	GlobalSection(ProjectConfigurationPlatforms) = postSolution
		{EFDE870B-762C-47DC-BB79-1E7CF02E0153}.Ad-Hoc|Any CPU.ActiveCfg = Release|Any CPU
		{EFDE870B-762C-47DC-BB79-1E7CF02E0153}.Ad-Hoc|Any CPU.Build.0 = Release|Any CPU
		{EFDE870B-762C-47DC-BB79-1E7CF02E0153}.Ad-Hoc|Any CPU.Deploy.0 = Release|Any CPU
		{EFDE870B-762C-47DC-BB79-1E7CF02E0153}.Ad-Hoc|iPhone.ActiveCfg = Release|Any CPU
		{EFDE870B-762C-47DC-BB79-1E7CF02E0153}.Ad-Hoc|iPhone.Build.0 = Release|Any CPU
		{EFDE870B-762C-47DC-BB79-1E7CF02E0153}.Ad-Hoc|iPhone.Deploy.0 = Release|Any CPU
		{EFDE870B-762C-47DC-BB79-1E7CF02E0153}.Ad-Hoc|iPhoneSimulator.ActiveCfg = Release|Any CPU
		{EFDE870B-762C-47DC-BB79-1E7CF02E0153}.Ad-Hoc|iPhoneSimulator.Build.0 = Release|Any CPU
		{EFDE870B-762C-47DC-BB79-1E7CF02E0153}.Ad-Hoc|iPhoneSimulator.Deploy.0 = Release|Any CPU
		{EFDE870B-762C-47DC-BB79-1E7CF02E0153}.AppStore|Any CPU.ActiveCfg = Release|Any CPU
		{EFDE870B-762C-47DC-BB79-1E7CF02E0153}.AppStore|Any CPU.Build.0 = Release|Any CPU
		{EFDE870B-762C-47DC-BB79-1E7CF02E0153}.AppStore|Any CPU.Deploy.0 = Release|Any CPU
		{EFDE870B-762C-47DC-BB79-1E7CF02E0153}.AppStore|iPhone.ActiveCfg = Release|Any CPU
		{EFDE870B-762C-47DC-BB79-1E7CF02E0153}.AppStore|iPhone.Build.0 = Release|Any CPU
		{EFDE870B-762C-47DC-BB79-1E7CF02E0153}.AppStore|iPhone.Deploy.0 = Release|Any CPU
		{EFDE870B-762C-47DC-BB79-1E7CF02E0153}.AppStore|iPhoneSimulator.ActiveCfg = Release|Any CPU
		{EFDE870B-762C-47DC-BB79-1E7CF02E0153}.AppStore|iPhoneSimulator.Build.0 = Release|Any CPU
		{EFDE870B-762C-47DC-BB79-1E7CF02E0153}.AppStore|iPhoneSimulator.Deploy.0 = Release|Any CPU
		{EFDE870B-762C-47DC-BB79-1E7CF02E0153}.Debug|Any CPU.ActiveCfg = Debug|Any CPU
		{EFDE870B-762C-47DC-BB79-1E7CF02E0153}.Debug|Any CPU.Build.0 = Debug|Any CPU
		{EFDE870B-762C-47DC-BB79-1E7CF02E0153}.Debug|Any CPU.Deploy.0 = Debug|Any CPU
		{EFDE870B-762C-47DC-BB79-1E7CF02E0153}.Debug|iPhone.ActiveCfg = Debug|Any CPU
		{EFDE870B-762C-47DC-BB79-1E7CF02E0153}.Debug|iPhone.Build.0 = Debug|Any CPU
		{EFDE870B-762C-47DC-BB79-1E7CF02E0153}.Debug|iPhone.Deploy.0 = Debug|Any CPU
		{EFDE870B-762C-47DC-BB79-1E7CF02E0153}.Debug|iPhoneSimulator.ActiveCfg = Debug|Any CPU
		{EFDE870B-762C-47DC-BB79-1E7CF02E0153}.Debug|iPhoneSimulator.Build.0 = Debug|Any CPU
		{EFDE870B-762C-47DC-BB79-1E7CF02E0153}.Debug|iPhoneSimulator.Deploy.0 = Debug|Any CPU
		{EFDE870B-762C-47DC-BB79-1E7CF02E0153}.Release|Any CPU.ActiveCfg = Release|Any CPU
		{EFDE870B-762C-47DC-BB79-1E7CF02E0153}.Release|Any CPU.Build.0 = Release|Any CPU
		{EFDE870B-762C-47DC-BB79-1E7CF02E0153}.Release|Any CPU.Deploy.0 = Release|Any CPU
		{EFDE870B-762C-47DC-BB79-1E7CF02E0153}.Release|iPhone.ActiveCfg = Release|Any CPU
		{EFDE870B-762C-47DC-BB79-1E7CF02E0153}.Release|iPhone.Build.0 = Release|Any CPU
		{EFDE870B-762C-47DC-BB79-1E7CF02E0153}.Release|iPhone.Deploy.0 = Release|Any CPU
		{EFDE870B-762C-47DC-BB79-1E7CF02E0153}.Release|iPhoneSimulator.ActiveCfg = Release|Any CPU
		{EFDE870B-762C-47DC-BB79-1E7CF02E0153}.Release|iPhoneSimulator.Build.0 = Release|Any CPU
		{EFDE870B-762C-47DC-BB79-1E7CF02E0153}.Release|iPhoneSimulator.Deploy.0 = Release|Any CPU
		{9E8432F0-53FB-4D6B-93DC-A101B4E93AFE}.Ad-Hoc|Any CPU.ActiveCfg = Ad-Hoc|iPhone
		{9E8432F0-53FB-4D6B-93DC-A101B4E93AFE}.Ad-Hoc|Any CPU.Build.0 = Ad-Hoc|iPhone
		{9E8432F0-53FB-4D6B-93DC-A101B4E93AFE}.Ad-Hoc|Any CPU.Deploy.0 = Ad-Hoc|iPhone
		{9E8432F0-53FB-4D6B-93DC-A101B4E93AFE}.Ad-Hoc|iPhone.ActiveCfg = Ad-Hoc|iPhone
		{9E8432F0-53FB-4D6B-93DC-A101B4E93AFE}.Ad-Hoc|iPhone.Build.0 = Ad-Hoc|iPhone
		{9E8432F0-53FB-4D6B-93DC-A101B4E93AFE}.Ad-Hoc|iPhone.Deploy.0 = Ad-Hoc|iPhone
		{9E8432F0-53FB-4D6B-93DC-A101B4E93AFE}.Ad-Hoc|iPhoneSimulator.ActiveCfg = Ad-Hoc|iPhoneSimulator
		{9E8432F0-53FB-4D6B-93DC-A101B4E93AFE}.Ad-Hoc|iPhoneSimulator.Build.0 = Ad-Hoc|iPhoneSimulator
		{9E8432F0-53FB-4D6B-93DC-A101B4E93AFE}.Ad-Hoc|iPhoneSimulator.Deploy.0 = Ad-Hoc|iPhoneSimulator
		{9E8432F0-53FB-4D6B-93DC-A101B4E93AFE}.AppStore|Any CPU.ActiveCfg = AppStore|iPhone
		{9E8432F0-53FB-4D6B-93DC-A101B4E93AFE}.AppStore|Any CPU.Build.0 = AppStore|iPhone
		{9E8432F0-53FB-4D6B-93DC-A101B4E93AFE}.AppStore|Any CPU.Deploy.0 = AppStore|iPhone
		{9E8432F0-53FB-4D6B-93DC-A101B4E93AFE}.AppStore|iPhone.ActiveCfg = AppStore|iPhone
		{9E8432F0-53FB-4D6B-93DC-A101B4E93AFE}.AppStore|iPhone.Build.0 = AppStore|iPhone
		{9E8432F0-53FB-4D6B-93DC-A101B4E93AFE}.AppStore|iPhone.Deploy.0 = AppStore|iPhone
		{9E8432F0-53FB-4D6B-93DC-A101B4E93AFE}.AppStore|iPhoneSimulator.ActiveCfg = AppStore|iPhoneSimulator
		{9E8432F0-53FB-4D6B-93DC-A101B4E93AFE}.AppStore|iPhoneSimulator.Build.0 = AppStore|iPhoneSimulator
		{9E8432F0-53FB-4D6B-93DC-A101B4E93AFE}.AppStore|iPhoneSimulator.Deploy.0 = AppStore|iPhoneSimulator
		{9E8432F0-53FB-4D6B-93DC-A101B4E93AFE}.Debug|Any CPU.ActiveCfg = Debug|iPhoneSimulator
		{9E8432F0-53FB-4D6B-93DC-A101B4E93AFE}.Debug|Any CPU.Build.0 = Debug|iPhoneSimulator
		{9E8432F0-53FB-4D6B-93DC-A101B4E93AFE}.Debug|Any CPU.Deploy.0 = Debug|iPhoneSimulator
		{9E8432F0-53FB-4D6B-93DC-A101B4E93AFE}.Debug|iPhone.ActiveCfg = Debug|iPhone
		{9E8432F0-53FB-4D6B-93DC-A101B4E93AFE}.Debug|iPhone.Build.0 = Debug|iPhone
		{9E8432F0-53FB-4D6B-93DC-A101B4E93AFE}.Debug|iPhone.Deploy.0 = Debug|iPhone
		{9E8432F0-53FB-4D6B-93DC-A101B4E93AFE}.Debug|iPhoneSimulator.ActiveCfg = Debug|iPhoneSimulator
		{9E8432F0-53FB-4D6B-93DC-A101B4E93AFE}.Debug|iPhoneSimulator.Build.0 = Debug|iPhoneSimulator
		{9E8432F0-53FB-4D6B-93DC-A101B4E93AFE}.Debug|iPhoneSimulator.Deploy.0 = Debug|iPhoneSimulator
		{9E8432F0-53FB-4D6B-93DC-A101B4E93AFE}.Release|Any CPU.ActiveCfg = Release|iPhone
		{9E8432F0-53FB-4D6B-93DC-A101B4E93AFE}.Release|Any CPU.Build.0 = Release|iPhone
		{9E8432F0-53FB-4D6B-93DC-A101B4E93AFE}.Release|Any CPU.Deploy.0 = Release|iPhone
		{9E8432F0-53FB-4D6B-93DC-A101B4E93AFE}.Release|iPhone.ActiveCfg = Release|iPhone
		{9E8432F0-53FB-4D6B-93DC-A101B4E93AFE}.Release|iPhone.Build.0 = Release|iPhone
		{9E8432F0-53FB-4D6B-93DC-A101B4E93AFE}.Release|iPhone.Deploy.0 = Release|iPhone
		{9E8432F0-53FB-4D6B-93DC-A101B4E93AFE}.Release|iPhoneSimulator.ActiveCfg = Release|iPhoneSimulator
		{9E8432F0-53FB-4D6B-93DC-A101B4E93AFE}.Release|iPhoneSimulator.Build.0 = Release|iPhoneSimulator
		{9E8432F0-53FB-4D6B-93DC-A101B4E93AFE}.Release|iPhoneSimulator.Deploy.0 = Release|iPhoneSimulator
		{4D4D8BE8-ED0C-4AE5-8CA3-7F22B8752666}.Ad-Hoc|Any CPU.ActiveCfg = Debug|Any CPU
		{4D4D8BE8-ED0C-4AE5-8CA3-7F22B8752666}.Ad-Hoc|Any CPU.Build.0 = Debug|Any CPU
		{4D4D8BE8-ED0C-4AE5-8CA3-7F22B8752666}.Ad-Hoc|Any CPU.Deploy.0 = Debug|Any CPU
		{4D4D8BE8-ED0C-4AE5-8CA3-7F22B8752666}.Ad-Hoc|iPhone.ActiveCfg = Debug|Any CPU
		{4D4D8BE8-ED0C-4AE5-8CA3-7F22B8752666}.Ad-Hoc|iPhone.Build.0 = Debug|Any CPU
		{4D4D8BE8-ED0C-4AE5-8CA3-7F22B8752666}.Ad-Hoc|iPhone.Deploy.0 = Debug|Any CPU
		{4D4D8BE8-ED0C-4AE5-8CA3-7F22B8752666}.Ad-Hoc|iPhoneSimulator.ActiveCfg = Debug|Any CPU
		{4D4D8BE8-ED0C-4AE5-8CA3-7F22B8752666}.Ad-Hoc|iPhoneSimulator.Build.0 = Debug|Any CPU
		{4D4D8BE8-ED0C-4AE5-8CA3-7F22B8752666}.Ad-Hoc|iPhoneSimulator.Deploy.0 = Debug|Any CPU
		{4D4D8BE8-ED0C-4AE5-8CA3-7F22B8752666}.AppStore|Any CPU.ActiveCfg = Debug|Any CPU
		{4D4D8BE8-ED0C-4AE5-8CA3-7F22B8752666}.AppStore|Any CPU.Build.0 = Debug|Any CPU
		{4D4D8BE8-ED0C-4AE5-8CA3-7F22B8752666}.AppStore|Any CPU.Deploy.0 = Debug|Any CPU
		{4D4D8BE8-ED0C-4AE5-8CA3-7F22B8752666}.AppStore|iPhone.ActiveCfg = Debug|Any CPU
		{4D4D8BE8-ED0C-4AE5-8CA3-7F22B8752666}.AppStore|iPhone.Build.0 = Debug|Any CPU
		{4D4D8BE8-ED0C-4AE5-8CA3-7F22B8752666}.AppStore|iPhone.Deploy.0 = Debug|Any CPU
		{4D4D8BE8-ED0C-4AE5-8CA3-7F22B8752666}.AppStore|iPhoneSimulator.ActiveCfg = Debug|Any CPU
		{4D4D8BE8-ED0C-4AE5-8CA3-7F22B8752666}.AppStore|iPhoneSimulator.Build.0 = Debug|Any CPU
		{4D4D8BE8-ED0C-4AE5-8CA3-7F22B8752666}.AppStore|iPhoneSimulator.Deploy.0 = Debug|Any CPU
		{4D4D8BE8-ED0C-4AE5-8CA3-7F22B8752666}.Debug|Any CPU.ActiveCfg = Debug|Any CPU
		{4D4D8BE8-ED0C-4AE5-8CA3-7F22B8752666}.Debug|Any CPU.Build.0 = Debug|Any CPU
		{4D4D8BE8-ED0C-4AE5-8CA3-7F22B8752666}.Debug|Any CPU.Deploy.0 = Debug|Any CPU
		{4D4D8BE8-ED0C-4AE5-8CA3-7F22B8752666}.Debug|iPhone.ActiveCfg = Debug|Any CPU
		{4D4D8BE8-ED0C-4AE5-8CA3-7F22B8752666}.Debug|iPhone.Build.0 = Debug|Any CPU
		{4D4D8BE8-ED0C-4AE5-8CA3-7F22B8752666}.Debug|iPhone.Deploy.0 = Debug|Any CPU
		{4D4D8BE8-ED0C-4AE5-8CA3-7F22B8752666}.Debug|iPhoneSimulator.ActiveCfg = Debug|Any CPU
		{4D4D8BE8-ED0C-4AE5-8CA3-7F22B8752666}.Debug|iPhoneSimulator.Build.0 = Debug|Any CPU
		{4D4D8BE8-ED0C-4AE5-8CA3-7F22B8752666}.Debug|iPhoneSimulator.Deploy.0 = Debug|Any CPU
		{4D4D8BE8-ED0C-4AE5-8CA3-7F22B8752666}.Release|Any CPU.ActiveCfg = Release|Any CPU
		{4D4D8BE8-ED0C-4AE5-8CA3-7F22B8752666}.Release|Any CPU.Build.0 = Release|Any CPU
		{4D4D8BE8-ED0C-4AE5-8CA3-7F22B8752666}.Release|Any CPU.Deploy.0 = Release|Any CPU
		{4D4D8BE8-ED0C-4AE5-8CA3-7F22B8752666}.Release|iPhone.ActiveCfg = Release|Any CPU
		{4D4D8BE8-ED0C-4AE5-8CA3-7F22B8752666}.Release|iPhone.Build.0 = Release|Any CPU
		{4D4D8BE8-ED0C-4AE5-8CA3-7F22B8752666}.Release|iPhone.Deploy.0 = Release|Any CPU
		{4D4D8BE8-ED0C-4AE5-8CA3-7F22B8752666}.Release|iPhoneSimulator.ActiveCfg = Release|Any CPU
		{4D4D8BE8-ED0C-4AE5-8CA3-7F22B8752666}.Release|iPhoneSimulator.Build.0 = Release|Any CPU
		{4D4D8BE8-ED0C-4AE5-8CA3-7F22B8752666}.Release|iPhoneSimulator.Deploy.0 = Release|Any CPU
	EndGlobalSection
	GlobalSection(SolutionProperties) = preSolution
		HideSolutionNode = FALSE
	EndGlobalSection
	GlobalSection(ExtensibilityGlobals) = postSolution
		SolutionGuid = {D12239A6-8451-478A-AA33-4878BA025969}
	EndGlobalSection
EndGlobal
